// !$*UTF8*$!
{
	archiveVersion = 1;
	classes = {
	};
	objectVersion = 50;
	objects = {

/* Begin PBXBuildFile section */
		0C65DCD427B34C1E0066756F /* CoreRouter.swift in Sources */ = {isa = PBXBuildFile; fileRef = 0C65DCD327B34C1E0066756F /* CoreRouter.swift */; };
		0C7C35CB27B2A18300D74662 /* TableExampleBuilder.swift in Sources */ = {isa = PBXBuildFile; fileRef = 0C7C35CA27B2A18300D74662 /* TableExampleBuilder.swift */; };
		0C7C35CE27B2AB3100D74662 /* TableExampleModel.swift in Sources */ = {isa = PBXBuildFile; fileRef = 0C7C35CD27B2AB3100D74662 /* TableExampleModel.swift */; };
		0C7C35D127B2ADCE00D74662 /* TableExampleBuilderImpl.swift in Sources */ = {isa = PBXBuildFile; fileRef = 0C7C35D027B2ADCE00D74662 /* TableExampleBuilderImpl.swift */; };
		0C88F48727B2BCD800AC8765 /* MainScreenBuilder.swift in Sources */ = {isa = PBXBuildFile; fileRef = 0C88F48627B2BCD800AC8765 /* MainScreenBuilder.swift */; };
		0C88F48927B2BCE600AC8765 /* MainScreenBuilderImpl.swift in Sources */ = {isa = PBXBuildFile; fileRef = 0C88F48827B2BCE600AC8765 /* MainScreenBuilderImpl.swift */; };
		0C88F49127B2BFFC00AC8765 /* MainScreenViewController.swift in Sources */ = {isa = PBXBuildFile; fileRef = 0C88F49027B2BFFC00AC8765 /* MainScreenViewController.swift */; };
		0C88F49F27B2F59E00AC8765 /* ExampleNavigatorBuilder.swift in Sources */ = {isa = PBXBuildFile; fileRef = 0C88F49E27B2F59E00AC8765 /* ExampleNavigatorBuilder.swift */; };
		0C88F4A127B2F5AB00AC8765 /* ExampleNavigatorBuilderImpl.swift in Sources */ = {isa = PBXBuildFile; fileRef = 0C88F4A027B2F5AB00AC8765 /* ExampleNavigatorBuilderImpl.swift */; };
		0C88F4A427B2F6BB00AC8765 /* ExampleNavigator.swift in Sources */ = {isa = PBXBuildFile; fileRef = 0C88F4A327B2F6BB00AC8765 /* ExampleNavigator.swift */; };
		0C88F4A627B2F6D500AC8765 /* ExampleNavigatorImpl.swift in Sources */ = {isa = PBXBuildFile; fileRef = 0C88F4A527B2F6D500AC8765 /* ExampleNavigatorImpl.swift */; };
		0C88F4AB27B315A700AC8765 /* RoutingToTableExample.swift in Sources */ = {isa = PBXBuildFile; fileRef = 0C88F4AA27B315A700AC8765 /* RoutingToTableExample.swift */; };
		0C88F4AD27B315E300AC8765 /* ExampleNavigatorItem.swift in Sources */ = {isa = PBXBuildFile; fileRef = 0C88F4AC27B315E300AC8765 /* ExampleNavigatorItem.swift */; };
		21F9AD03E42B0143BA352CE6 /* Pods_PlatformDemo.framework in Frameworks */ = {isa = PBXBuildFile; fileRef = EE782CAD1BA0BD2AA40CAFF7 /* Pods_PlatformDemo.framework */; };
		59278C9626F696D300E795A6 /* Swift+Example.swift in Sources */ = {isa = PBXBuildFile; fileRef = 59278C9526F696D300E795A6 /* Swift+Example.swift */; };
		5947E83026F5020F00FCC315 /* AppDelegate.swift in Sources */ = {isa = PBXBuildFile; fileRef = 5947E82F26F5020F00FCC315 /* AppDelegate.swift */; };
		5947E83226F5020F00FCC315 /* SceneDelegate.swift in Sources */ = {isa = PBXBuildFile; fileRef = 5947E83126F5020F00FCC315 /* SceneDelegate.swift */; };
		5947E83426F5020F00FCC315 /* TableExampleViewController.swift in Sources */ = {isa = PBXBuildFile; fileRef = 5947E83326F5020F00FCC315 /* TableExampleViewController.swift */; };
		5947E83C26F5021300FCC315 /* Assets.xcassets in Resources */ = {isa = PBXBuildFile; fileRef = 5947E83B26F5021300FCC315 /* Assets.xcassets */; };
		5947E83F26F5021300FCC315 /* LaunchScreen.storyboard in Resources */ = {isa = PBXBuildFile; fileRef = 5947E83D26F5021300FCC315 /* LaunchScreen.storyboard */; };
		596B578326FE7B34003C330B /* TableExampleViewController+Layout.swift in Sources */ = {isa = PBXBuildFile; fileRef = 596B578226FE7B34003C330B /* TableExampleViewController+Layout.swift */; };
		5993621626FB645900AD78C5 /* TableExampleTableController.swift in Sources */ = {isa = PBXBuildFile; fileRef = 5993621526FB645900AD78C5 /* TableExampleTableController.swift */; };
		5993621A26FB646600AD78C5 /* TableExampleCell.swift in Sources */ = {isa = PBXBuildFile; fileRef = 5993621926FB646600AD78C5 /* TableExampleCell.swift */; };
		5993621E26FB648800AD78C5 /* TableExampleCell+Layout.swift in Sources */ = {isa = PBXBuildFile; fileRef = 5993621D26FB648800AD78C5 /* TableExampleCell+Layout.swift */; };
		5993622126FB728400AD78C5 /* TableExampleModelImpl.swift in Sources */ = {isa = PBXBuildFile; fileRef = 5993622026FB728400AD78C5 /* TableExampleModelImpl.swift */; };
/* End PBXBuildFile section */

/* Begin PBXFileReference section */
		0C65DCD327B34C1E0066756F /* CoreRouter.swift */ = {isa = PBXFileReference; lastKnownFileType = sourcecode.swift; path = CoreRouter.swift; sourceTree = "<group>"; };
		0C7C35CA27B2A18300D74662 /* TableExampleBuilder.swift */ = {isa = PBXFileReference; lastKnownFileType = sourcecode.swift; path = TableExampleBuilder.swift; sourceTree = "<group>"; };
		0C7C35CD27B2AB3100D74662 /* TableExampleModel.swift */ = {isa = PBXFileReference; lastKnownFileType = sourcecode.swift; path = TableExampleModel.swift; sourceTree = "<group>"; };
		0C7C35D027B2ADCE00D74662 /* TableExampleBuilderImpl.swift */ = {isa = PBXFileReference; lastKnownFileType = sourcecode.swift; path = TableExampleBuilderImpl.swift; sourceTree = "<group>"; };
		0C88F48627B2BCD800AC8765 /* MainScreenBuilder.swift */ = {isa = PBXFileReference; lastKnownFileType = sourcecode.swift; path = MainScreenBuilder.swift; sourceTree = "<group>"; };
		0C88F48827B2BCE600AC8765 /* MainScreenBuilderImpl.swift */ = {isa = PBXFileReference; lastKnownFileType = sourcecode.swift; path = MainScreenBuilderImpl.swift; sourceTree = "<group>"; };
		0C88F49027B2BFFC00AC8765 /* MainScreenViewController.swift */ = {isa = PBXFileReference; lastKnownFileType = sourcecode.swift; path = MainScreenViewController.swift; sourceTree = "<group>"; };
		0C88F49E27B2F59E00AC8765 /* ExampleNavigatorBuilder.swift */ = {isa = PBXFileReference; lastKnownFileType = sourcecode.swift; path = ExampleNavigatorBuilder.swift; sourceTree = "<group>"; };
		0C88F4A027B2F5AB00AC8765 /* ExampleNavigatorBuilderImpl.swift */ = {isa = PBXFileReference; lastKnownFileType = sourcecode.swift; path = ExampleNavigatorBuilderImpl.swift; sourceTree = "<group>"; };
		0C88F4A327B2F6BB00AC8765 /* ExampleNavigator.swift */ = {isa = PBXFileReference; lastKnownFileType = sourcecode.swift; path = ExampleNavigator.swift; sourceTree = "<group>"; };
		0C88F4A527B2F6D500AC8765 /* ExampleNavigatorImpl.swift */ = {isa = PBXFileReference; lastKnownFileType = sourcecode.swift; path = ExampleNavigatorImpl.swift; sourceTree = "<group>"; };
		0C88F4AA27B315A700AC8765 /* RoutingToTableExample.swift */ = {isa = PBXFileReference; lastKnownFileType = sourcecode.swift; path = RoutingToTableExample.swift; sourceTree = "<group>"; };
		0C88F4AC27B315E300AC8765 /* ExampleNavigatorItem.swift */ = {isa = PBXFileReference; lastKnownFileType = sourcecode.swift; path = ExampleNavigatorItem.swift; sourceTree = "<group>"; };
		59278C9526F696D300E795A6 /* Swift+Example.swift */ = {isa = PBXFileReference; lastKnownFileType = sourcecode.swift; path = "Swift+Example.swift"; sourceTree = "<group>"; };
		5947E82C26F5020F00FCC315 /* PlatformDemo.app */ = {isa = PBXFileReference; explicitFileType = wrapper.application; includeInIndex = 0; path = PlatformDemo.app; sourceTree = BUILT_PRODUCTS_DIR; };
		5947E82F26F5020F00FCC315 /* AppDelegate.swift */ = {isa = PBXFileReference; lastKnownFileType = sourcecode.swift; path = AppDelegate.swift; sourceTree = "<group>"; };
		5947E83126F5020F00FCC315 /* SceneDelegate.swift */ = {isa = PBXFileReference; lastKnownFileType = sourcecode.swift; path = SceneDelegate.swift; sourceTree = "<group>"; };
		5947E83326F5020F00FCC315 /* TableExampleViewController.swift */ = {isa = PBXFileReference; lastKnownFileType = sourcecode.swift; path = TableExampleViewController.swift; sourceTree = "<group>"; };
		5947E83B26F5021300FCC315 /* Assets.xcassets */ = {isa = PBXFileReference; lastKnownFileType = folder.assetcatalog; path = Assets.xcassets; sourceTree = "<group>"; };
		5947E83E26F5021300FCC315 /* Base */ = {isa = PBXFileReference; lastKnownFileType = file.storyboard; name = Base; path = Base.lproj/LaunchScreen.storyboard; sourceTree = "<group>"; };
		5947E84026F5021300FCC315 /* Info.plist */ = {isa = PBXFileReference; lastKnownFileType = text.plist.xml; path = Info.plist; sourceTree = "<group>"; };
		596B578226FE7B34003C330B /* TableExampleViewController+Layout.swift */ = {isa = PBXFileReference; lastKnownFileType = sourcecode.swift; path = "TableExampleViewController+Layout.swift"; sourceTree = "<group>"; };
		5993621526FB645900AD78C5 /* TableExampleTableController.swift */ = {isa = PBXFileReference; lastKnownFileType = sourcecode.swift; path = TableExampleTableController.swift; sourceTree = "<group>"; };
		5993621926FB646600AD78C5 /* TableExampleCell.swift */ = {isa = PBXFileReference; lastKnownFileType = sourcecode.swift; path = TableExampleCell.swift; sourceTree = "<group>"; };
		5993621D26FB648800AD78C5 /* TableExampleCell+Layout.swift */ = {isa = PBXFileReference; lastKnownFileType = sourcecode.swift; path = "TableExampleCell+Layout.swift"; sourceTree = "<group>"; };
		5993622026FB728400AD78C5 /* TableExampleModelImpl.swift */ = {isa = PBXFileReference; lastKnownFileType = sourcecode.swift; path = TableExampleModelImpl.swift; sourceTree = "<group>"; };
		87F605E311266CADBDDF4F33 /* Pods-PlatformDemo.debug.xcconfig */ = {isa = PBXFileReference; includeInIndex = 1; lastKnownFileType = text.xcconfig; name = "Pods-PlatformDemo.debug.xcconfig"; path = "Target Support Files/Pods-PlatformDemo/Pods-PlatformDemo.debug.xcconfig"; sourceTree = "<group>"; };
		B699C692FE85BA755072E144 /* Pods-PlatformDemo.release.xcconfig */ = {isa = PBXFileReference; includeInIndex = 1; lastKnownFileType = text.xcconfig; name = "Pods-PlatformDemo.release.xcconfig"; path = "Target Support Files/Pods-PlatformDemo/Pods-PlatformDemo.release.xcconfig"; sourceTree = "<group>"; };
		EE782CAD1BA0BD2AA40CAFF7 /* Pods_PlatformDemo.framework */ = {isa = PBXFileReference; explicitFileType = wrapper.framework; includeInIndex = 0; path = Pods_PlatformDemo.framework; sourceTree = BUILT_PRODUCTS_DIR; };
/* End PBXFileReference section */

/* Begin PBXFrameworksBuildPhase section */
		5947E82926F5020F00FCC315 /* Frameworks */ = {
			isa = PBXFrameworksBuildPhase;
			buildActionMask = 2147483647;
			files = (
				21F9AD03E42B0143BA352CE6 /* Pods_PlatformDemo.framework in Frameworks */,
			);
			runOnlyForDeploymentPostprocessing = 0;
		};
/* End PBXFrameworksBuildPhase section */

/* Begin PBXGroup section */
		0C65DCD227B34C120066756F /* Core */ = {
			isa = PBXGroup;
			children = (
				0C65DCD327B34C1E0066756F /* CoreRouter.swift */,
			);
			path = Core;
			sourceTree = "<group>";
		};
		0C7C35C827B29CD600D74662 /* TableExample */ = {
			isa = PBXGroup;
			children = (
				0C7C35C927B2A16300D74662 /* Builder */,
				0C7C35CC27B2AB1A00D74662 /* Model */,
				0C7C35CF27B2ADAC00D74662 /* View */,
			);
			path = TableExample;
			sourceTree = "<group>";
		};
		0C7C35C927B2A16300D74662 /* Builder */ = {
			isa = PBXGroup;
			children = (
				0C7C35CA27B2A18300D74662 /* TableExampleBuilder.swift */,
				0C7C35D027B2ADCE00D74662 /* TableExampleBuilderImpl.swift */,
			);
			path = Builder;
			sourceTree = "<group>";
		};
		0C7C35CC27B2AB1A00D74662 /* Model */ = {
			isa = PBXGroup;
			children = (
				0C7C35CD27B2AB3100D74662 /* TableExampleModel.swift */,
				5993622026FB728400AD78C5 /* TableExampleModelImpl.swift */,
			);
			path = Model;
			sourceTree = "<group>";
		};
		0C7C35CF27B2ADAC00D74662 /* View */ = {
			isa = PBXGroup;
			children = (
				5947E83326F5020F00FCC315 /* TableExampleViewController.swift */,
				596B578226FE7B34003C330B /* TableExampleViewController+Layout.swift */,
				5993621926FB646600AD78C5 /* TableExampleCell.swift */,
				5993621D26FB648800AD78C5 /* TableExampleCell+Layout.swift */,
				5993621526FB645900AD78C5 /* TableExampleTableController.swift */,
			);
			path = View;
			sourceTree = "<group>";
		};
		0C88F48427B2BCB300AC8765 /* MainScreen */ = {
			isa = PBXGroup;
			children = (
				0C88F48527B2BCC700AC8765 /* Builder */,
				0C88F48B27B2BF0400AC8765 /* View */,
			);
			path = MainScreen;
			sourceTree = "<group>";
		};
		0C88F48527B2BCC700AC8765 /* Builder */ = {
			isa = PBXGroup;
			children = (
				0C88F48627B2BCD800AC8765 /* MainScreenBuilder.swift */,
				0C88F48827B2BCE600AC8765 /* MainScreenBuilderImpl.swift */,
			);
			path = Builder;
			sourceTree = "<group>";
		};
		0C88F48B27B2BF0400AC8765 /* View */ = {
			isa = PBXGroup;
			children = (
				0C88F49027B2BFFC00AC8765 /* MainScreenViewController.swift */,
			);
			path = View;
			sourceTree = "<group>";
		};
		0C88F49C27B2F57E00AC8765 /* ExampleNavigator */ = {
			isa = PBXGroup;
			children = (
				0C88F49D27B2F58B00AC8765 /* Builder */,
				0C88F4A227B2F69F00AC8765 /* Domain */,
				0C88F4A727B3156300AC8765 /* Router */,
			);
			path = ExampleNavigator;
			sourceTree = "<group>";
		};
		0C88F49D27B2F58B00AC8765 /* Builder */ = {
			isa = PBXGroup;
			children = (
				0C88F49E27B2F59E00AC8765 /* ExampleNavigatorBuilder.swift */,
				0C88F4A027B2F5AB00AC8765 /* ExampleNavigatorBuilderImpl.swift */,
			);
			path = Builder;
			sourceTree = "<group>";
		};
		0C88F4A227B2F69F00AC8765 /* Domain */ = {
			isa = PBXGroup;
			children = (
				0C88F4A327B2F6BB00AC8765 /* ExampleNavigator.swift */,
				0C88F4A527B2F6D500AC8765 /* ExampleNavigatorImpl.swift */,
				0C88F4AC27B315E300AC8765 /* ExampleNavigatorItem.swift */,
			);
			path = Domain;
			sourceTree = "<group>";
		};
		0C88F4A727B3156300AC8765 /* Router */ = {
			isa = PBXGroup;
			children = (
				0C88F4AA27B315A700AC8765 /* RoutingToTableExample.swift */,
			);
			path = Router;
			sourceTree = "<group>";
		};
		3BD82CD9027377A2D6821418 /* Frameworks */ = {
			isa = PBXGroup;
			children = (
				EE782CAD1BA0BD2AA40CAFF7 /* Pods_PlatformDemo.framework */,
			);
			name = Frameworks;
			sourceTree = "<group>";
		};
		5947E82326F5020F00FCC315 = {
			isa = PBXGroup;
			children = (
				5947E82E26F5020F00FCC315 /* PlatformDemo */,
				5947E82D26F5020F00FCC315 /* Products */,
				EA36E6FF5150908D88261F06 /* Pods */,
				3BD82CD9027377A2D6821418 /* Frameworks */,
			);
			sourceTree = "<group>";
		};
		5947E82D26F5020F00FCC315 /* Products */ = {
			isa = PBXGroup;
			children = (
				5947E82C26F5020F00FCC315 /* PlatformDemo.app */,
			);
			name = Products;
			sourceTree = "<group>";
		};
		5947E82E26F5020F00FCC315 /* PlatformDemo */ = {
			isa = PBXGroup;
			children = (
				0C65DCD227B34C120066756F /* Core */,
				0C88F49C27B2F57E00AC8765 /* ExampleNavigator */,
				0C88F48427B2BCB300AC8765 /* MainScreen */,
				0C7C35C827B29CD600D74662 /* TableExample */,
				5947E82F26F5020F00FCC315 /* AppDelegate.swift */,
				5947E83126F5020F00FCC315 /* SceneDelegate.swift */,
				5947E83B26F5021300FCC315 /* Assets.xcassets */,
				5947E83D26F5021300FCC315 /* LaunchScreen.storyboard */,
				5947E84026F5021300FCC315 /* Info.plist */,
				59278C9526F696D300E795A6 /* Swift+Example.swift */,
			);
			path = PlatformDemo;
			sourceTree = "<group>";
		};
		EA36E6FF5150908D88261F06 /* Pods */ = {
			isa = PBXGroup;
			children = (
				87F605E311266CADBDDF4F33 /* Pods-PlatformDemo.debug.xcconfig */,
				B699C692FE85BA755072E144 /* Pods-PlatformDemo.release.xcconfig */,
			);
			path = Pods;
			sourceTree = "<group>";
		};
/* End PBXGroup section */

/* Begin PBXNativeTarget section */
		5947E82B26F5020F00FCC315 /* PlatformDemo */ = {
			isa = PBXNativeTarget;
			buildConfigurationList = 5947E84326F5021300FCC315 /* Build configuration list for PBXNativeTarget "PlatformDemo" */;
			buildPhases = (
				2B816375DE0B3435BA904BF6 /* [CP] Check Pods Manifest.lock */,
				5947E82826F5020F00FCC315 /* Sources */,
				5947E82926F5020F00FCC315 /* Frameworks */,
				5947E82A26F5020F00FCC315 /* Resources */,
			);
			buildRules = (
			);
			dependencies = (
			);
			name = PlatformDemo;
			productName = PlatformDemo;
			productReference = 5947E82C26F5020F00FCC315 /* PlatformDemo.app */;
			productType = "com.apple.product-type.application";
		};
/* End PBXNativeTarget section */

/* Begin PBXProject section */
		5947E82426F5020F00FCC315 /* Project object */ = {
			isa = PBXProject;
			attributes = {
				LastSwiftUpdateCheck = 1210;
				LastUpgradeCheck = 1210;
				TargetAttributes = {
					5947E82B26F5020F00FCC315 = {
						CreatedOnToolsVersion = 12.1;
					};
				};
			};
			buildConfigurationList = 5947E82726F5020F00FCC315 /* Build configuration list for PBXProject "PlatformDemo" */;
			compatibilityVersion = "Xcode 9.3";
			developmentRegion = en;
			hasScannedForEncodings = 0;
			knownRegions = (
				en,
				Base,
			);
			mainGroup = 5947E82326F5020F00FCC315;
			productRefGroup = 5947E82D26F5020F00FCC315 /* Products */;
			projectDirPath = "";
			projectRoot = "";
			targets = (
				5947E82B26F5020F00FCC315 /* PlatformDemo */,
			);
		};
/* End PBXProject section */

/* Begin PBXResourcesBuildPhase section */
		5947E82A26F5020F00FCC315 /* Resources */ = {
			isa = PBXResourcesBuildPhase;
			buildActionMask = 2147483647;
			files = (
				5947E83F26F5021300FCC315 /* LaunchScreen.storyboard in Resources */,
				5947E83C26F5021300FCC315 /* Assets.xcassets in Resources */,
			);
			runOnlyForDeploymentPostprocessing = 0;
		};
/* End PBXResourcesBuildPhase section */

/* Begin PBXShellScriptBuildPhase section */
		2B816375DE0B3435BA904BF6 /* [CP] Check Pods Manifest.lock */ = {
			isa = PBXShellScriptBuildPhase;
			buildActionMask = 2147483647;
			files = (
			);
			inputFileListPaths = (
			);
			inputPaths = (
				"${PODS_PODFILE_DIR_PATH}/Podfile.lock",
				"${PODS_ROOT}/Manifest.lock",
			);
			name = "[CP] Check Pods Manifest.lock";
			outputFileListPaths = (
			);
			outputPaths = (
				"$(DERIVED_FILE_DIR)/Pods-PlatformDemo-checkManifestLockResult.txt",
			);
			runOnlyForDeploymentPostprocessing = 0;
			shellPath = /bin/sh;
			shellScript = "diff \"${PODS_PODFILE_DIR_PATH}/Podfile.lock\" \"${PODS_ROOT}/Manifest.lock\" > /dev/null\nif [ $? != 0 ] ; then\n    # print error to STDERR\n    echo \"error: The sandbox is not in sync with the Podfile.lock. Run 'pod install' or update your CocoaPods installation.\" >&2\n    exit 1\nfi\n# This output is used by Xcode 'outputs' to avoid re-running this script phase.\necho \"SUCCESS\" > \"${SCRIPT_OUTPUT_FILE_0}\"\n";
			showEnvVarsInLog = 0;
		};
/* End PBXShellScriptBuildPhase section */

/* Begin PBXSourcesBuildPhase section */
		5947E82826F5020F00FCC315 /* Sources */ = {
			isa = PBXSourcesBuildPhase;
			buildActionMask = 2147483647;
			files = (
				5993622126FB728400AD78C5 /* TableExampleModelImpl.swift in Sources */,
				0C88F4AD27B315E300AC8765 /* ExampleNavigatorItem.swift in Sources */,
				0C88F49127B2BFFC00AC8765 /* MainScreenViewController.swift in Sources */,
				596B578326FE7B34003C330B /* TableExampleViewController+Layout.swift in Sources */,
				0C88F48927B2BCE600AC8765 /* MainScreenBuilderImpl.swift in Sources */,
				0C88F49F27B2F59E00AC8765 /* ExampleNavigatorBuilder.swift in Sources */,
				5993621E26FB648800AD78C5 /* TableExampleCell+Layout.swift in Sources */,
				0C7C35CE27B2AB3100D74662 /* TableExampleModel.swift in Sources */,
				5993621A26FB646600AD78C5 /* TableExampleCell.swift in Sources */,
				0C88F48727B2BCD800AC8765 /* MainScreenBuilder.swift in Sources */,
				5947E83426F5020F00FCC315 /* TableExampleViewController.swift in Sources */,
				0C7C35CB27B2A18300D74662 /* TableExampleBuilder.swift in Sources */,
				59278C9626F696D300E795A6 /* Swift+Example.swift in Sources */,
				5993621626FB645900AD78C5 /* TableExampleTableController.swift in Sources */,
				0C88F4A427B2F6BB00AC8765 /* ExampleNavigator.swift in Sources */,
				0C88F4AB27B315A700AC8765 /* RoutingToTableExample.swift in Sources */,
				0C65DCD427B34C1E0066756F /* CoreRouter.swift in Sources */,
				0C88F4A127B2F5AB00AC8765 /* ExampleNavigatorBuilderImpl.swift in Sources */,
				0C7C35D127B2ADCE00D74662 /* TableExampleBuilderImpl.swift in Sources */,
				5947E83026F5020F00FCC315 /* AppDelegate.swift in Sources */,
				0C88F4A627B2F6D500AC8765 /* ExampleNavigatorImpl.swift in Sources */,
				5947E83226F5020F00FCC315 /* SceneDelegate.swift in Sources */,
			);
			runOnlyForDeploymentPostprocessing = 0;
		};
/* End PBXSourcesBuildPhase section */

/* Begin PBXVariantGroup section */
		5947E83D26F5021300FCC315 /* LaunchScreen.storyboard */ = {
			isa = PBXVariantGroup;
			children = (
				5947E83E26F5021300FCC315 /* Base */,
			);
			name = LaunchScreen.storyboard;
			sourceTree = "<group>";
		};
/* End PBXVariantGroup section */

/* Begin XCBuildConfiguration section */
		5947E84126F5021300FCC315 /* Debug */ = {
			isa = XCBuildConfiguration;
			buildSettings = {
				ALWAYS_SEARCH_USER_PATHS = NO;
				CLANG_ANALYZER_NONNULL = YES;
				CLANG_ANALYZER_NUMBER_OBJECT_CONVERSION = YES_AGGRESSIVE;
				CLANG_CXX_LANGUAGE_STANDARD = "gnu++14";
				CLANG_CXX_LIBRARY = "libc++";
				CLANG_ENABLE_MODULES = YES;
				CLANG_ENABLE_OBJC_ARC = YES;
				CLANG_ENABLE_OBJC_WEAK = YES;
				CLANG_WARN_BLOCK_CAPTURE_AUTORELEASING = YES;
				CLANG_WARN_BOOL_CONVERSION = YES;
				CLANG_WARN_COMMA = YES;
				CLANG_WARN_CONSTANT_CONVERSION = YES;
				CLANG_WARN_DEPRECATED_OBJC_IMPLEMENTATIONS = YES;
				CLANG_WARN_DIRECT_OBJC_ISA_USAGE = YES_ERROR;
				CLANG_WARN_DOCUMENTATION_COMMENTS = YES;
				CLANG_WARN_EMPTY_BODY = YES;
				CLANG_WARN_ENUM_CONVERSION = YES;
				CLANG_WARN_INFINITE_RECURSION = YES;
				CLANG_WARN_INT_CONVERSION = YES;
				CLANG_WARN_NON_LITERAL_NULL_CONVERSION = YES;
				CLANG_WARN_OBJC_IMPLICIT_RETAIN_SELF = YES;
				CLANG_WARN_OBJC_LITERAL_CONVERSION = YES;
				CLANG_WARN_OBJC_ROOT_CLASS = YES_ERROR;
				CLANG_WARN_QUOTED_INCLUDE_IN_FRAMEWORK_HEADER = YES;
				CLANG_WARN_RANGE_LOOP_ANALYSIS = YES;
				CLANG_WARN_STRICT_PROTOTYPES = YES;
				CLANG_WARN_SUSPICIOUS_MOVE = YES;
				CLANG_WARN_UNGUARDED_AVAILABILITY = YES_AGGRESSIVE;
				CLANG_WARN_UNREACHABLE_CODE = YES;
				CLANG_WARN__DUPLICATE_METHOD_MATCH = YES;
				COPY_PHASE_STRIP = NO;
				DEBUG_INFORMATION_FORMAT = dwarf;
				ENABLE_STRICT_OBJC_MSGSEND = YES;
				ENABLE_TESTABILITY = YES;
				GCC_C_LANGUAGE_STANDARD = gnu11;
				GCC_DYNAMIC_NO_PIC = NO;
				GCC_NO_COMMON_BLOCKS = YES;
				GCC_OPTIMIZATION_LEVEL = 0;
				GCC_PREPROCESSOR_DEFINITIONS = (
					"DEBUG=1",
					"$(inherited)",
				);
				GCC_WARN_64_TO_32_BIT_CONVERSION = YES;
				GCC_WARN_ABOUT_RETURN_TYPE = YES_ERROR;
				GCC_WARN_UNDECLARED_SELECTOR = YES;
				GCC_WARN_UNINITIALIZED_AUTOS = YES_AGGRESSIVE;
				GCC_WARN_UNUSED_FUNCTION = YES;
				GCC_WARN_UNUSED_VARIABLE = YES;
				IPHONEOS_DEPLOYMENT_TARGET = 14.1;
				MTL_ENABLE_DEBUG_INFO = INCLUDE_SOURCE;
				MTL_FAST_MATH = YES;
				ONLY_ACTIVE_ARCH = YES;
				SDKROOT = iphoneos;
				SWIFT_ACTIVE_COMPILATION_CONDITIONS = DEBUG;
				SWIFT_OPTIMIZATION_LEVEL = "-Onone";
			};
			name = Debug;
		};
		5947E84226F5021300FCC315 /* Release */ = {
			isa = XCBuildConfiguration;
			buildSettings = {
				ALWAYS_SEARCH_USER_PATHS = NO;
				CLANG_ANALYZER_NONNULL = YES;
				CLANG_ANALYZER_NUMBER_OBJECT_CONVERSION = YES_AGGRESSIVE;
				CLANG_CXX_LANGUAGE_STANDARD = "gnu++14";
				CLANG_CXX_LIBRARY = "libc++";
				CLANG_ENABLE_MODULES = YES;
				CLANG_ENABLE_OBJC_ARC = YES;
				CLANG_ENABLE_OBJC_WEAK = YES;
				CLANG_WARN_BLOCK_CAPTURE_AUTORELEASING = YES;
				CLANG_WARN_BOOL_CONVERSION = YES;
				CLANG_WARN_COMMA = YES;
				CLANG_WARN_CONSTANT_CONVERSION = YES;
				CLANG_WARN_DEPRECATED_OBJC_IMPLEMENTATIONS = YES;
				CLANG_WARN_DIRECT_OBJC_ISA_USAGE = YES_ERROR;
				CLANG_WARN_DOCUMENTATION_COMMENTS = YES;
				CLANG_WARN_EMPTY_BODY = YES;
				CLANG_WARN_ENUM_CONVERSION = YES;
				CLANG_WARN_INFINITE_RECURSION = YES;
				CLANG_WARN_INT_CONVERSION = YES;
				CLANG_WARN_NON_LITERAL_NULL_CONVERSION = YES;
				CLANG_WARN_OBJC_IMPLICIT_RETAIN_SELF = YES;
				CLANG_WARN_OBJC_LITERAL_CONVERSION = YES;
				CLANG_WARN_OBJC_ROOT_CLASS = YES_ERROR;
				CLANG_WARN_QUOTED_INCLUDE_IN_FRAMEWORK_HEADER = YES;
				CLANG_WARN_RANGE_LOOP_ANALYSIS = YES;
				CLANG_WARN_STRICT_PROTOTYPES = YES;
				CLANG_WARN_SUSPICIOUS_MOVE = YES;
				CLANG_WARN_UNGUARDED_AVAILABILITY = YES_AGGRESSIVE;
				CLANG_WARN_UNREACHABLE_CODE = YES;
				CLANG_WARN__DUPLICATE_METHOD_MATCH = YES;
				COPY_PHASE_STRIP = NO;
				DEBUG_INFORMATION_FORMAT = "dwarf-with-dsym";
				ENABLE_NS_ASSERTIONS = NO;
				ENABLE_STRICT_OBJC_MSGSEND = YES;
				GCC_C_LANGUAGE_STANDARD = gnu11;
				GCC_NO_COMMON_BLOCKS = YES;
				GCC_WARN_64_TO_32_BIT_CONVERSION = YES;
				GCC_WARN_ABOUT_RETURN_TYPE = YES_ERROR;
				GCC_WARN_UNDECLARED_SELECTOR = YES;
				GCC_WARN_UNINITIALIZED_AUTOS = YES_AGGRESSIVE;
				GCC_WARN_UNUSED_FUNCTION = YES;
				GCC_WARN_UNUSED_VARIABLE = YES;
				IPHONEOS_DEPLOYMENT_TARGET = 14.1;
				MTL_ENABLE_DEBUG_INFO = NO;
				MTL_FAST_MATH = YES;
				SDKROOT = iphoneos;
				SWIFT_COMPILATION_MODE = wholemodule;
				SWIFT_OPTIMIZATION_LEVEL = "-O";
				VALIDATE_PRODUCT = YES;
			};
			name = Release;
		};
		5947E84426F5021300FCC315 /* Debug */ = {
			isa = XCBuildConfiguration;
			baseConfigurationReference = 87F605E311266CADBDDF4F33 /* Pods-PlatformDemo.debug.xcconfig */;
			buildSettings = {
				ASSETCATALOG_COMPILER_APPICON_NAME = AppIcon;
				ASSETCATALOG_COMPILER_GLOBAL_ACCENT_COLOR_NAME = AccentColor;
				CODE_SIGN_STYLE = Automatic;
				DEVELOPMENT_TEAM = T96KB8H453;
				INFOPLIST_FILE = PlatformDemo/Info.plist;
				LD_RUNPATH_SEARCH_PATHS = (
					"$(inherited)",
					"@executable_path/Frameworks",
				);
				PRODUCT_BUNDLE_IDENTIFIER = io.github.maksimn.PlatformDemo;
				PRODUCT_NAME = "$(TARGET_NAME)";
				SWIFT_VERSION = 5.0;
				TARGETED_DEVICE_FAMILY = "1,2";
			};
			name = Debug;
		};
		5947E84526F5021300FCC315 /* Release */ = {
			isa = XCBuildConfiguration;
			baseConfigurationReference = B699C692FE85BA755072E144 /* Pods-PlatformDemo.release.xcconfig */;
			buildSettings = {
				ASSETCATALOG_COMPILER_APPICON_NAME = AppIcon;
				ASSETCATALOG_COMPILER_GLOBAL_ACCENT_COLOR_NAME = AccentColor;
				CODE_SIGN_STYLE = Automatic;
				DEVELOPMENT_TEAM = T96KB8H453;
				INFOPLIST_FILE = PlatformDemo/Info.plist;
				LD_RUNPATH_SEARCH_PATHS = (
					"$(inherited)",
					"@executable_path/Frameworks",
				);
				PRODUCT_BUNDLE_IDENTIFIER = io.github.maksimn.PlatformDemo;
				PRODUCT_NAME = "$(TARGET_NAME)";
				SWIFT_VERSION = 5.0;
				TARGETED_DEVICE_FAMILY = "1,2";
			};
			name = Release;
		};
/* End XCBuildConfiguration section */

/* Begin XCConfigurationList section */
		5947E82726F5020F00FCC315 /* Build configuration list for PBXProject "PlatformDemo" */ = {
			isa = XCConfigurationList;
			buildConfigurations = (
				5947E84126F5021300FCC315 /* Debug */,
				5947E84226F5021300FCC315 /* Release */,
			);
			defaultConfigurationIsVisible = 0;
			defaultConfigurationName = Release;
		};
		5947E84326F5021300FCC315 /* Build configuration list for PBXNativeTarget "PlatformDemo" */ = {
			isa = XCConfigurationList;
			buildConfigurations = (
				5947E84426F5021300FCC315 /* Debug */,
				5947E84526F5021300FCC315 /* Release */,
			);
			defaultConfigurationIsVisible = 0;
			defaultConfigurationName = Release;
		};
/* End XCConfigurationList section */
	};
	rootObject = 5947E82426F5020F00FCC315 /* Project object */;
}
