// !$*UTF8*$!
{
	archiveVersion = 1;
	classes = {
	};
	objectVersion = 50;
	objects = {

/* Begin PBXBuildFile section */
		59278C9626F696D300E795A6 /* Swift+Example.swift in Sources */ = {isa = PBXBuildFile; fileRef = 59278C9526F696D300E795A6 /* Swift+Example.swift */; };
		5947E83026F5020F00FCC315 /* AppDelegate.swift in Sources */ = {isa = PBXBuildFile; fileRef = 5947E82F26F5020F00FCC315 /* AppDelegate.swift */; };
		5947E83226F5020F00FCC315 /* SceneDelegate.swift in Sources */ = {isa = PBXBuildFile; fileRef = 5947E83126F5020F00FCC315 /* SceneDelegate.swift */; };
		5947E83426F5020F00FCC315 /* ViewController.swift in Sources */ = {isa = PBXBuildFile; fileRef = 5947E83326F5020F00FCC315 /* ViewController.swift */; };
		5947E83A26F5020F00FCC315 /* PlatformDemo.xcdatamodeld in Sources */ = {isa = PBXBuildFile; fileRef = 5947E83826F5020F00FCC315 /* PlatformDemo.xcdatamodeld */; };
		5947E83C26F5021300FCC315 /* Assets.xcassets in Resources */ = {isa = PBXBuildFile; fileRef = 5947E83B26F5021300FCC315 /* Assets.xcassets */; };
		5947E83F26F5021300FCC315 /* LaunchScreen.storyboard in Resources */ = {isa = PBXBuildFile; fileRef = 5947E83D26F5021300FCC315 /* LaunchScreen.storyboard */; };
		5947E84826F513E900FCC315 /* UIKit+Example.swift in Sources */ = {isa = PBXBuildFile; fileRef = 5947E84726F513E900FCC315 /* UIKit+Example.swift */; };
		596B577B26FD5C33003C330B /* MyTableView.swift in Sources */ = {isa = PBXBuildFile; fileRef = 596B577A26FD5C33003C330B /* MyTableView.swift */; };
		5993621626FB645900AD78C5 /* TableController.swift in Sources */ = {isa = PBXBuildFile; fileRef = 5993621526FB645900AD78C5 /* TableController.swift */; };
		5993621A26FB646600AD78C5 /* TableCell.swift in Sources */ = {isa = PBXBuildFile; fileRef = 5993621926FB646600AD78C5 /* TableCell.swift */; };
		5993621E26FB648800AD78C5 /* TableCell+Layout.swift in Sources */ = {isa = PBXBuildFile; fileRef = 5993621D26FB648800AD78C5 /* TableCell+Layout.swift */; };
		5993622126FB728400AD78C5 /* TableData.swift in Sources */ = {isa = PBXBuildFile; fileRef = 5993622026FB728400AD78C5 /* TableData.swift */; };
		59AFEC2526F6325B00999429 /* GCD+Example.swift in Sources */ = {isa = PBXBuildFile; fileRef = 59AFEC2426F6325B00999429 /* GCD+Example.swift */; };
		59AFEC2826F6326D00999429 /* Operation+Example.swift in Sources */ = {isa = PBXBuildFile; fileRef = 59AFEC2726F6326D00999429 /* Operation+Example.swift */; };
/* End PBXBuildFile section */

/* Begin PBXFileReference section */
		59278C9526F696D300E795A6 /* Swift+Example.swift */ = {isa = PBXFileReference; lastKnownFileType = sourcecode.swift; path = "Swift+Example.swift"; sourceTree = "<group>"; };
		5947E82C26F5020F00FCC315 /* PlatformDemo.app */ = {isa = PBXFileReference; explicitFileType = wrapper.application; includeInIndex = 0; path = PlatformDemo.app; sourceTree = BUILT_PRODUCTS_DIR; };
		5947E82F26F5020F00FCC315 /* AppDelegate.swift */ = {isa = PBXFileReference; lastKnownFileType = sourcecode.swift; path = AppDelegate.swift; sourceTree = "<group>"; };
		5947E83126F5020F00FCC315 /* SceneDelegate.swift */ = {isa = PBXFileReference; lastKnownFileType = sourcecode.swift; path = SceneDelegate.swift; sourceTree = "<group>"; };
		5947E83326F5020F00FCC315 /* ViewController.swift */ = {isa = PBXFileReference; lastKnownFileType = sourcecode.swift; path = ViewController.swift; sourceTree = "<group>"; };
		5947E83926F5020F00FCC315 /* PlatformDemo.xcdatamodel */ = {isa = PBXFileReference; lastKnownFileType = wrapper.xcdatamodel; path = PlatformDemo.xcdatamodel; sourceTree = "<group>"; };
		5947E83B26F5021300FCC315 /* Assets.xcassets */ = {isa = PBXFileReference; lastKnownFileType = folder.assetcatalog; path = Assets.xcassets; sourceTree = "<group>"; };
		5947E83E26F5021300FCC315 /* Base */ = {isa = PBXFileReference; lastKnownFileType = file.storyboard; name = Base; path = Base.lproj/LaunchScreen.storyboard; sourceTree = "<group>"; };
		5947E84026F5021300FCC315 /* Info.plist */ = {isa = PBXFileReference; lastKnownFileType = text.plist.xml; path = Info.plist; sourceTree = "<group>"; };
		5947E84726F513E900FCC315 /* UIKit+Example.swift */ = {isa = PBXFileReference; lastKnownFileType = sourcecode.swift; path = "UIKit+Example.swift"; sourceTree = "<group>"; };
		596B577A26FD5C33003C330B /* MyTableView.swift */ = {isa = PBXFileReference; lastKnownFileType = sourcecode.swift; path = MyTableView.swift; sourceTree = "<group>"; };
		5993621526FB645900AD78C5 /* TableController.swift */ = {isa = PBXFileReference; lastKnownFileType = sourcecode.swift; path = TableController.swift; sourceTree = "<group>"; };
		5993621926FB646600AD78C5 /* TableCell.swift */ = {isa = PBXFileReference; lastKnownFileType = sourcecode.swift; path = TableCell.swift; sourceTree = "<group>"; };
		5993621D26FB648800AD78C5 /* TableCell+Layout.swift */ = {isa = PBXFileReference; lastKnownFileType = sourcecode.swift; path = "TableCell+Layout.swift"; sourceTree = "<group>"; };
		5993622026FB728400AD78C5 /* TableData.swift */ = {isa = PBXFileReference; lastKnownFileType = sourcecode.swift; path = TableData.swift; sourceTree = "<group>"; };
		59AFEC2426F6325B00999429 /* GCD+Example.swift */ = {isa = PBXFileReference; lastKnownFileType = sourcecode.swift; path = "GCD+Example.swift"; sourceTree = "<group>"; };
		59AFEC2726F6326D00999429 /* Operation+Example.swift */ = {isa = PBXFileReference; lastKnownFileType = sourcecode.swift; path = "Operation+Example.swift"; sourceTree = "<group>"; };
/* End PBXFileReference section */

/* Begin PBXFrameworksBuildPhase section */
		5947E82926F5020F00FCC315 /* Frameworks */ = {
			isa = PBXFrameworksBuildPhase;
			buildActionMask = 2147483647;
			files = (
			);
			runOnlyForDeploymentPostprocessing = 0;
		};
/* End PBXFrameworksBuildPhase section */

/* Begin PBXGroup section */
		5947E82326F5020F00FCC315 = {
			isa = PBXGroup;
			children = (
				5947E82E26F5020F00FCC315 /* PlatformDemo */,
				5947E82D26F5020F00FCC315 /* Products */,
			);
			sourceTree = "<group>";
		};
		5947E82D26F5020F00FCC315 /* Products */ = {
			isa = PBXGroup;
			children = (
				5947E82C26F5020F00FCC315 /* PlatformDemo.app */,
			);
			name = Products;
			sourceTree = "<group>";
		};
		5947E82E26F5020F00FCC315 /* PlatformDemo */ = {
			isa = PBXGroup;
			children = (
				5993621426FB644700AD78C5 /* TableView */,
				5947E82F26F5020F00FCC315 /* AppDelegate.swift */,
				5947E83126F5020F00FCC315 /* SceneDelegate.swift */,
				5947E83326F5020F00FCC315 /* ViewController.swift */,
				5947E83B26F5021300FCC315 /* Assets.xcassets */,
				5947E83D26F5021300FCC315 /* LaunchScreen.storyboard */,
				5947E84026F5021300FCC315 /* Info.plist */,
				5947E83826F5020F00FCC315 /* PlatformDemo.xcdatamodeld */,
				5947E84726F513E900FCC315 /* UIKit+Example.swift */,
				59AFEC2426F6325B00999429 /* GCD+Example.swift */,
				59AFEC2726F6326D00999429 /* Operation+Example.swift */,
				59278C9526F696D300E795A6 /* Swift+Example.swift */,
			);
			path = PlatformDemo;
			sourceTree = "<group>";
		};
		5993621426FB644700AD78C5 /* TableView */ = {
			isa = PBXGroup;
			children = (
				5993621C26FB647800AD78C5 /* Cell */,
				5993621526FB645900AD78C5 /* TableController.swift */,
				5993622026FB728400AD78C5 /* TableData.swift */,
				596B577A26FD5C33003C330B /* MyTableView.swift */,
			);
			path = TableView;
			sourceTree = "<group>";
		};
		5993621C26FB647800AD78C5 /* Cell */ = {
			isa = PBXGroup;
			children = (
				5993621926FB646600AD78C5 /* TableCell.swift */,
				5993621D26FB648800AD78C5 /* TableCell+Layout.swift */,
			);
			path = Cell;
			sourceTree = "<group>";
		};
/* End PBXGroup section */

/* Begin PBXNativeTarget section */
		5947E82B26F5020F00FCC315 /* PlatformDemo */ = {
			isa = PBXNativeTarget;
			buildConfigurationList = 5947E84326F5021300FCC315 /* Build configuration list for PBXNativeTarget "PlatformDemo" */;
			buildPhases = (
				5947E82826F5020F00FCC315 /* Sources */,
				5947E82926F5020F00FCC315 /* Frameworks */,
				5947E82A26F5020F00FCC315 /* Resources */,
			);
			buildRules = (
			);
			dependencies = (
			);
			name = PlatformDemo;
			productName = PlatformDemo;
			productReference = 5947E82C26F5020F00FCC315 /* PlatformDemo.app */;
			productType = "com.apple.product-type.application";
		};
/* End PBXNativeTarget section */

/* Begin PBXProject section */
		5947E82426F5020F00FCC315 /* Project object */ = {
			isa = PBXProject;
			attributes = {
				LastSwiftUpdateCheck = 1210;
				LastUpgradeCheck = 1210;
				TargetAttributes = {
					5947E82B26F5020F00FCC315 = {
						CreatedOnToolsVersion = 12.1;
					};
				};
			};
			buildConfigurationList = 5947E82726F5020F00FCC315 /* Build configuration list for PBXProject "PlatformDemo" */;
			compatibilityVersion = "Xcode 9.3";
			developmentRegion = en;
			hasScannedForEncodings = 0;
			knownRegions = (
				en,
				Base,
			);
			mainGroup = 5947E82326F5020F00FCC315;
			productRefGroup = 5947E82D26F5020F00FCC315 /* Products */;
			projectDirPath = "";
			projectRoot = "";
			targets = (
				5947E82B26F5020F00FCC315 /* PlatformDemo */,
			);
		};
/* End PBXProject section */

/* Begin PBXResourcesBuildPhase section */
		5947E82A26F5020F00FCC315 /* Resources */ = {
			isa = PBXResourcesBuildPhase;
			buildActionMask = 2147483647;
			files = (
				5947E83F26F5021300FCC315 /* LaunchScreen.storyboard in Resources */,
				5947E83C26F5021300FCC315 /* Assets.xcassets in Resources */,
			);
			runOnlyForDeploymentPostprocessing = 0;
		};
/* End PBXResourcesBuildPhase section */

/* Begin PBXSourcesBuildPhase section */
		5947E82826F5020F00FCC315 /* Sources */ = {
			isa = PBXSourcesBuildPhase;
			buildActionMask = 2147483647;
			files = (
				5993622126FB728400AD78C5 /* TableData.swift in Sources */,
				5993621E26FB648800AD78C5 /* TableCell+Layout.swift in Sources */,
				5993621A26FB646600AD78C5 /* TableCell.swift in Sources */,
				5947E84826F513E900FCC315 /* UIKit+Example.swift in Sources */,
				5947E83426F5020F00FCC315 /* ViewController.swift in Sources */,
				59278C9626F696D300E795A6 /* Swift+Example.swift in Sources */,
				5993621626FB645900AD78C5 /* TableController.swift in Sources */,
				59AFEC2826F6326D00999429 /* Operation+Example.swift in Sources */,
				596B577B26FD5C33003C330B /* MyTableView.swift in Sources */,
				5947E83026F5020F00FCC315 /* AppDelegate.swift in Sources */,
				5947E83226F5020F00FCC315 /* SceneDelegate.swift in Sources */,
				5947E83A26F5020F00FCC315 /* PlatformDemo.xcdatamodeld in Sources */,
				59AFEC2526F6325B00999429 /* GCD+Example.swift in Sources */,
			);
			runOnlyForDeploymentPostprocessing = 0;
		};
/* End PBXSourcesBuildPhase section */

/* Begin PBXVariantGroup section */
		5947E83D26F5021300FCC315 /* LaunchScreen.storyboard */ = {
			isa = PBXVariantGroup;
			children = (
				5947E83E26F5021300FCC315 /* Base */,
			);
			name = LaunchScreen.storyboard;
			sourceTree = "<group>";
		};
/* End PBXVariantGroup section */

/* Begin XCBuildConfiguration section */
		5947E84126F5021300FCC315 /* Debug */ = {
			isa = XCBuildConfiguration;
			buildSettings = {
				ALWAYS_SEARCH_USER_PATHS = NO;
				CLANG_ANALYZER_NONNULL = YES;
				CLANG_ANALYZER_NUMBER_OBJECT_CONVERSION = YES_AGGRESSIVE;
				CLANG_CXX_LANGUAGE_STANDARD = "gnu++14";
				CLANG_CXX_LIBRARY = "libc++";
				CLANG_ENABLE_MODULES = YES;
				CLANG_ENABLE_OBJC_ARC = YES;
				CLANG_ENABLE_OBJC_WEAK = YES;
				CLANG_WARN_BLOCK_CAPTURE_AUTORELEASING = YES;
				CLANG_WARN_BOOL_CONVERSION = YES;
				CLANG_WARN_COMMA = YES;
				CLANG_WARN_CONSTANT_CONVERSION = YES;
				CLANG_WARN_DEPRECATED_OBJC_IMPLEMENTATIONS = YES;
				CLANG_WARN_DIRECT_OBJC_ISA_USAGE = YES_ERROR;
				CLANG_WARN_DOCUMENTATION_COMMENTS = YES;
				CLANG_WARN_EMPTY_BODY = YES;
				CLANG_WARN_ENUM_CONVERSION = YES;
				CLANG_WARN_INFINITE_RECURSION = YES;
				CLANG_WARN_INT_CONVERSION = YES;
				CLANG_WARN_NON_LITERAL_NULL_CONVERSION = YES;
				CLANG_WARN_OBJC_IMPLICIT_RETAIN_SELF = YES;
				CLANG_WARN_OBJC_LITERAL_CONVERSION = YES;
				CLANG_WARN_OBJC_ROOT_CLASS = YES_ERROR;
				CLANG_WARN_QUOTED_INCLUDE_IN_FRAMEWORK_HEADER = YES;
				CLANG_WARN_RANGE_LOOP_ANALYSIS = YES;
				CLANG_WARN_STRICT_PROTOTYPES = YES;
				CLANG_WARN_SUSPICIOUS_MOVE = YES;
				CLANG_WARN_UNGUARDED_AVAILABILITY = YES_AGGRESSIVE;
				CLANG_WARN_UNREACHABLE_CODE = YES;
				CLANG_WARN__DUPLICATE_METHOD_MATCH = YES;
				COPY_PHASE_STRIP = NO;
				DEBUG_INFORMATION_FORMAT = dwarf;
				ENABLE_STRICT_OBJC_MSGSEND = YES;
				ENABLE_TESTABILITY = YES;
				GCC_C_LANGUAGE_STANDARD = gnu11;
				GCC_DYNAMIC_NO_PIC = NO;
				GCC_NO_COMMON_BLOCKS = YES;
				GCC_OPTIMIZATION_LEVEL = 0;
				GCC_PREPROCESSOR_DEFINITIONS = (
					"DEBUG=1",
					"$(inherited)",
				);
				GCC_WARN_64_TO_32_BIT_CONVERSION = YES;
				GCC_WARN_ABOUT_RETURN_TYPE = YES_ERROR;
				GCC_WARN_UNDECLARED_SELECTOR = YES;
				GCC_WARN_UNINITIALIZED_AUTOS = YES_AGGRESSIVE;
				GCC_WARN_UNUSED_FUNCTION = YES;
				GCC_WARN_UNUSED_VARIABLE = YES;
				IPHONEOS_DEPLOYMENT_TARGET = 14.1;
				MTL_ENABLE_DEBUG_INFO = INCLUDE_SOURCE;
				MTL_FAST_MATH = YES;
				ONLY_ACTIVE_ARCH = YES;
				SDKROOT = iphoneos;
				SWIFT_ACTIVE_COMPILATION_CONDITIONS = DEBUG;
				SWIFT_OPTIMIZATION_LEVEL = "-Onone";
			};
			name = Debug;
		};
		5947E84226F5021300FCC315 /* Release */ = {
			isa = XCBuildConfiguration;
			buildSettings = {
				ALWAYS_SEARCH_USER_PATHS = NO;
				CLANG_ANALYZER_NONNULL = YES;
				CLANG_ANALYZER_NUMBER_OBJECT_CONVERSION = YES_AGGRESSIVE;
				CLANG_CXX_LANGUAGE_STANDARD = "gnu++14";
				CLANG_CXX_LIBRARY = "libc++";
				CLANG_ENABLE_MODULES = YES;
				CLANG_ENABLE_OBJC_ARC = YES;
				CLANG_ENABLE_OBJC_WEAK = YES;
				CLANG_WARN_BLOCK_CAPTURE_AUTORELEASING = YES;
				CLANG_WARN_BOOL_CONVERSION = YES;
				CLANG_WARN_COMMA = YES;
				CLANG_WARN_CONSTANT_CONVERSION = YES;
				CLANG_WARN_DEPRECATED_OBJC_IMPLEMENTATIONS = YES;
				CLANG_WARN_DIRECT_OBJC_ISA_USAGE = YES_ERROR;
				CLANG_WARN_DOCUMENTATION_COMMENTS = YES;
				CLANG_WARN_EMPTY_BODY = YES;
				CLANG_WARN_ENUM_CONVERSION = YES;
				CLANG_WARN_INFINITE_RECURSION = YES;
				CLANG_WARN_INT_CONVERSION = YES;
				CLANG_WARN_NON_LITERAL_NULL_CONVERSION = YES;
				CLANG_WARN_OBJC_IMPLICIT_RETAIN_SELF = YES;
				CLANG_WARN_OBJC_LITERAL_CONVERSION = YES;
				CLANG_WARN_OBJC_ROOT_CLASS = YES_ERROR;
				CLANG_WARN_QUOTED_INCLUDE_IN_FRAMEWORK_HEADER = YES;
				CLANG_WARN_RANGE_LOOP_ANALYSIS = YES;
				CLANG_WARN_STRICT_PROTOTYPES = YES;
				CLANG_WARN_SUSPICIOUS_MOVE = YES;
				CLANG_WARN_UNGUARDED_AVAILABILITY = YES_AGGRESSIVE;
				CLANG_WARN_UNREACHABLE_CODE = YES;
				CLANG_WARN__DUPLICATE_METHOD_MATCH = YES;
				COPY_PHASE_STRIP = NO;
				DEBUG_INFORMATION_FORMAT = "dwarf-with-dsym";
				ENABLE_NS_ASSERTIONS = NO;
				ENABLE_STRICT_OBJC_MSGSEND = YES;
				GCC_C_LANGUAGE_STANDARD = gnu11;
				GCC_NO_COMMON_BLOCKS = YES;
				GCC_WARN_64_TO_32_BIT_CONVERSION = YES;
				GCC_WARN_ABOUT_RETURN_TYPE = YES_ERROR;
				GCC_WARN_UNDECLARED_SELECTOR = YES;
				GCC_WARN_UNINITIALIZED_AUTOS = YES_AGGRESSIVE;
				GCC_WARN_UNUSED_FUNCTION = YES;
				GCC_WARN_UNUSED_VARIABLE = YES;
				IPHONEOS_DEPLOYMENT_TARGET = 14.1;
				MTL_ENABLE_DEBUG_INFO = NO;
				MTL_FAST_MATH = YES;
				SDKROOT = iphoneos;
				SWIFT_COMPILATION_MODE = wholemodule;
				SWIFT_OPTIMIZATION_LEVEL = "-O";
				VALIDATE_PRODUCT = YES;
			};
			name = Release;
		};
		5947E84426F5021300FCC315 /* Debug */ = {
			isa = XCBuildConfiguration;
			buildSettings = {
				ASSETCATALOG_COMPILER_APPICON_NAME = AppIcon;
				ASSETCATALOG_COMPILER_GLOBAL_ACCENT_COLOR_NAME = AccentColor;
				CODE_SIGN_STYLE = Automatic;
				DEVELOPMENT_TEAM = T96KB8H453;
				INFOPLIST_FILE = PlatformDemo/Info.plist;
				LD_RUNPATH_SEARCH_PATHS = (
					"$(inherited)",
					"@executable_path/Frameworks",
				);
				PRODUCT_BUNDLE_IDENTIFIER = io.github.maksimn.PlatformDemo;
				PRODUCT_NAME = "$(TARGET_NAME)";
				SWIFT_VERSION = 5.0;
				TARGETED_DEVICE_FAMILY = "1,2";
			};
			name = Debug;
		};
		5947E84526F5021300FCC315 /* Release */ = {
			isa = XCBuildConfiguration;
			buildSettings = {
				ASSETCATALOG_COMPILER_APPICON_NAME = AppIcon;
				ASSETCATALOG_COMPILER_GLOBAL_ACCENT_COLOR_NAME = AccentColor;
				CODE_SIGN_STYLE = Automatic;
				DEVELOPMENT_TEAM = T96KB8H453;
				INFOPLIST_FILE = PlatformDemo/Info.plist;
				LD_RUNPATH_SEARCH_PATHS = (
					"$(inherited)",
					"@executable_path/Frameworks",
				);
				PRODUCT_BUNDLE_IDENTIFIER = io.github.maksimn.PlatformDemo;
				PRODUCT_NAME = "$(TARGET_NAME)";
				SWIFT_VERSION = 5.0;
				TARGETED_DEVICE_FAMILY = "1,2";
			};
			name = Release;
		};
/* End XCBuildConfiguration section */

/* Begin XCConfigurationList section */
		5947E82726F5020F00FCC315 /* Build configuration list for PBXProject "PlatformDemo" */ = {
			isa = XCConfigurationList;
			buildConfigurations = (
				5947E84126F5021300FCC315 /* Debug */,
				5947E84226F5021300FCC315 /* Release */,
			);
			defaultConfigurationIsVisible = 0;
			defaultConfigurationName = Release;
		};
		5947E84326F5021300FCC315 /* Build configuration list for PBXNativeTarget "PlatformDemo" */ = {
			isa = XCConfigurationList;
			buildConfigurations = (
				5947E84426F5021300FCC315 /* Debug */,
				5947E84526F5021300FCC315 /* Release */,
			);
			defaultConfigurationIsVisible = 0;
			defaultConfigurationName = Release;
		};
/* End XCConfigurationList section */

/* Begin XCVersionGroup section */
		5947E83826F5020F00FCC315 /* PlatformDemo.xcdatamodeld */ = {
			isa = XCVersionGroup;
			children = (
				5947E83926F5020F00FCC315 /* PlatformDemo.xcdatamodel */,
			);
			currentVersion = 5947E83926F5020F00FCC315 /* PlatformDemo.xcdatamodel */;
			path = PlatformDemo.xcdatamodeld;
			sourceTree = "<group>";
			versionGroupType = wrapper.xcdatamodel;
		};
/* End XCVersionGroup section */
	};
	rootObject = 5947E82426F5020F00FCC315 /* Project object */;
}
